github.com/AdamSLevy/go-merkle v0.0.0-20190611101253-ca33344a884d h1:FWutTJGVqBnL4rLgeNaspUYnmnvkXcmDA3QO3rHBGgU=
github.com/AdamSLevy/go-merkle v0.0.0-20190611101253-ca33344a884d/go.mod h1:Nw3sh5L40Xs1wno7ndbD/dYWg+vARpBvpX9Zz1YSxbo=
github.com/AdamSLevy/jsonrpc2/v12 v12.0.2-0.20191005213732-3b0dfc9c5f77 h1:+UJmKY1f0AITEyfhLaH9zpqIwLgVIKLE+BBCY2B2gys=
github.com/AdamSLevy/jsonrpc2/v12 v12.0.2-0.20191005213732-3b0dfc9c5f77/go.mod h1:UUmIu8A7Sjw+yI0tIc/iGQHoSu/7loifZ7E/AbjFFcI=
github.com/Factom-Asset-Tokens/base58 v0.0.0-20181227014902-61655c4dd885 h1:rfy2fwMrOZPqQgjsH7VCreGMSPzcvqQrfjeSs8nf+sY=
github.com/Factom-Asset-Tokens/base58 v0.0.0-20181227014902-61655c4dd885/go.mod h1:RVXsRSp6VzXw5l1uiGazuf3qo23Qk0h1HzMcQk+X4LE=
github.com/Factom-Asset-Tokens/factom v0.0.0-20191107233816-d15165ab9f62 h1:KPpSVRM+zdCC2IYfdf3i3wqEGjI6CYgIkdJTVxIV0SU=
github.com/Factom-Asset-Tokens/factom v0.0.0-20191107233816-d15165ab9f62/go.mod h1:HfWlWphJ30PlWXD9FTiAboLc58dQU/2A9HxBGnKyDpg=
github.com/davecgh/go-spew v1.1.0/go.mod h1:J7Y8YcW2NihsgmVo/mv3lAwl/skON4iLHjSsI+c5H38=
github.com/davecgh/go-spew v1.1.1 h1:vj9j/u1bqnvCEfJOwUhtlOARqs3+rkHYY13jYWTU97c=
github.com/davecgh/go-spew v1.1.1/go.mod h1:J7Y8YcW2NihsgmVo/mv3lAwl/skON4iLHjSsI+c5H38=
github.com/kr/pretty v0.1.0 h1:L/CwN0zerZDmRFUapSPitk6f+Q3+0za1rQkzVuMiMFI=
github.com/kr/pretty v0.1.0/go.mod h1:dAy3ld7l9f0ibDNOQOHHMYYIIbhfbHSm3C4ZsoJORNo=
github.com/kr/pty v1.1.1/go.mod h1:pFQYn66WHrOpPYNljwOMqo10TkYh1fy3cYio2l3bCsQ=
github.com/kr/text v0.1.0 h1:45sCR5RtlFHMR4UwH9sdQ5TC8v0qDQCHnXt+kaKSTVE=
github.com/kr/text v0.1.0/go.mod h1:4Jbv+DJW3UT/LiOwJeYQe1efqtUx/iVham/4vfdArNI=
github.com/pmezard/go-difflib v1.0.0 h1:4DBwDE0NGyQoBHbLQYPwSUPoCMWR5BEzIk/f1lZbAQM=
github.com/pmezard/go-difflib v1.0.0/go.mod h1:iKH77koFhYxTK1pcRnkKkqfTogsbg7gZNVY4sRDYZ/4=
github.com/stretchr/objx v0.1.0/go.mod h1:HFkY916IF+rwdDfMAkV7OtwuqBVzrE8GR6GFx+wExME=
github.com/stretchr/testify v1.2.2/go.mod h1:a8OnRcib4nhh0OaRAV+Yts87kKdq0PP7pXfy6kDkUVs=
github.com/stretchr/testify v1.3.0/go.mod h1:M5WIy9Dh21IEIfnGCwXGc5bZfKNJtfHm1UVUgZn+9EI=
github.com/stretchr/testify v1.4.0 h1:2E4SXV/wtOkTonXsotYi4li6zVWxYlZuYNCXe9XRJyk=
github.com/stretchr/testify v1.4.0/go.mod h1:j7eGeouHqKxXV5pUuKE4zz7dFj8WfuZ+81PSLYec5m4=
github.com/urfave/cli v1.20.0/go.mod h1:70zkFmudgCuE/ngEzBv17Jvp/497gISqfk5gWijbERA=
github.com/wasmerio/go-ext-wasm v0.0.0-20191113152408-05371a4e2fe5 h1:+EaXEikn+vzygsT8Ioo6t3aaHPYph8dDezm+vw9/3vw=
github.com/wasmerio/go-ext-wasm v0.0.0-20191113152408-05371a4e2fe5/go.mod h1:B0C/D0a2vNos7Y3IxQhMpGOY9PCuCKfLvfry33a1cKA=
gopkg.in/check.v1 v0.0.0-20161208181325-20d25e280405/go.mod h1:Co6ibVJAznAaIkqp8huTwlJQCZ016jof/cbN4VW5Yz0=
gopkg.in/check.v1 v1.0.0-20180628173108-788fd7840127 h1:qIbj1fsPNlZgppZ+VLlY7N33q108Sa+fhmuc+sWQYwY=
gopkg.in/check.v1 v1.0.0-20180628173108-788fd7840127/go.mod h1:Co6ibVJAznAaIkqp8huTwlJQCZ016jof/cbN4VW5Yz0=
gopkg.in/yaml.v2 v2.2.2 h1:ZCJp+EgiOT7lHqUV2J862kp8Qj64Jo6az82+3Td9dZw=
gopkg.in/yaml.v2 v2.2.2/go.mod h1:hI93XBmqTisBFMUTm0b8Fm+jr3Dg1NNxqwp+5A1VGuI=
